
Microsoft Visual Studio Solution File, Format Version 12.00
# Visual Studio Version 17
VisualStudioVersion = 17.4.33213.308
MinimumVisualStudioVersion = 10.0.40219.1
Project("{FAE04EC0-301F-11D3-BF4B-00C04F79EFBC}") = "StoreOrderManager", "StoreOrderManager\StoreOrderManager.csproj", "{05133C9D-C128-4EB7-BFDE-3A685D79488C}"
EndProject
Project("{FAE04EC0-301F-11D3-BF4B-00C04F79EFBC}") = "DAL", "DAL\DAL.csproj", "{9819F86E-99BA-4FA5-A760-624318E6D5CF}"
EndProject
Global
	GlobalSection(SolutionConfigurationPlatforms) = preSolution
		Debug|Any CPU = Debug|Any CPU
		Release|Any CPU = Release|Any CPU
	EndGlobalSection
	GlobalSection(ProjectConfigurationPlatforms) = postSolution
		{05133C9D-C128-4EB7-BFDE-3A685D79488C}.Debug|Any CPU.ActiveCfg = Debug|Any CPU
		{05133C9D-C128-4EB7-BFDE-3A685D79488C}.Debug|Any CPU.Build.0 = Debug|Any CPU
		{05133C9D-C128-4EB7-BFDE-3A685D79488C}.Release|Any CPU.ActiveCfg = Release|Any CPU
		{05133C9D-C128-4EB7-BFDE-3A685D79488C}.Release|Any CPU.Build.0 = Release|Any CPU
		{9819F86E-99BA-4FA5-A760-624318E6D5CF}.Debug|Any CPU.ActiveCfg = Debug|Any CPU
		{9819F86E-99BA-4FA5-A760-624318E6D5CF}.Debug|Any CPU.Build.0 = Debug|Any CPU
		{9819F86E-99BA-4FA5-A760-624318E6D5CF}.Release|Any CPU.ActiveCfg = Release|Any CPU
		{9819F86E-99BA-4FA5-A760-624318E6D5CF}.Release|Any CPU.Build.0 = Release|Any CPU
	EndGlobalSection
	GlobalSection(SolutionProperties) = preSolution
		HideSolutionNode = FALSE
	EndGlobalSection
	GlobalSection(ExtensibilityGlobals) = postSolution
		SolutionGuid = {6D511410-09D7-4838-96A7-B723CF366D66}
	EndGlobalSection
EndGlobal
